{"version":4,"terraform_version":"1.10.6","serial":2,"lineage":"5b425d3d-5cc6-6c05-8f51-eee64fbc4110","outputs":{},"resources":[{"mode":"managed","type":"google_storage_bucket","name":"artifacts","provider":"provider[\"registry.opentofu.org/hashicorp/google\"]","instances":[{"schema_version":4,"attributes":{"autoclass":[],"cors":[{"max_age_seconds":3600,"method":["GET","HEAD"],"origin":["*"],"response_header":["Content-Type"]}],"custom_placement_config":[],"default_event_based_hold":false,"effective_labels":{"goog-terraform-provisioned":"true"},"enable_object_retention":false,"encryption":[],"force_destroy":true,"hierarchical_namespace":[{"enabled":false}],"id":"beatdetect-app-artifacts","ip_filter":[],"labels":null,"lifecycle_rule":[],"location":"US-CENTRAL1","logging":[],"name":"beatdetect-app-artifacts","project":"beat-detect","project_number":8372031992,"public_access_prevention":"inherited","requester_pays":false,"retention_policy":[],"rpo":null,"self_link":"https://www.googleapis.com/storage/v1/b/beatdetect-app-artifacts","soft_delete_policy":[{"effective_time":"2025-12-03T13:49:43.298Z","retention_duration_seconds":604800}],"storage_class":"STANDARD","terraform_labels":{"goog-terraform-provisioned":"true"},"time_created":"2025-12-03T13:49:43.298Z","timeouts":null,"uniform_bucket_level_access":true,"updated":"2025-12-03T13:49:43.298Z","url":"gs://beatdetect-app-artifacts","versioning":[{"enabled":true}],"website":[]},"sensitive_attributes":[],"private":"eyJlMmJmYjczMC1lY2FhLTExZTYtOGY4OC0zNDM2M2JjN2M0YzAiOnsiY3JlYXRlIjo2MDAwMDAwMDAwMDAsInJlYWQiOjI0MDAwMDAwMDAwMCwidXBkYXRlIjoyNDAwMDAwMDAwMDB9LCJzY2hlbWFfdmVyc2lvbiI6IjQifQ=="}]},{"mode":"managed","type":"google_storage_bucket_iam_binding","name":"public_read","provider":"provider[\"registry.opentofu.org/hashicorp/google\"]","instances":[{"schema_version":0,"attributes":{"bucket":"b/beatdetect-app-artifacts","condition":[],"etag":"CAI=","id":"b/beatdetect-app-artifacts/roles/storage.objectViewer","members":["allUsers"],"role":"roles/storage.objectViewer","timeouts":null},"sensitive_attributes":[],"private":"eyJlMmJmYjczMC1lY2FhLTExZTYtOGY4OC0zNDM2M2JjN2M0YzAiOnsiY3JlYXRlIjoxMjAwMDAwMDAwMDAwfX0=","dependencies":["google_storage_bucket.artifacts"]}]}],"check_results":null}
